
Microsoft Visual Studio Solution File, Format Version 12.00
# Visual Studio Version 17
VisualStudioVersion = 17.10.34916.146
MinimumVisualStudioVersion = 10.0.40219.1
Project("{FAE04EC0-301F-11D3-BF4B-00C04F79EFBC}") = "LibreriaPrueba", "LibreriaPrueba.csproj", "{11030FEC-B120-4D72-A066-2313C455576C}"
EndProject
Global
	GlobalSection(SolutionConfigurationPlatforms) = preSolution
		Debug|Any CPU = Debug|Any CPU
		Release|Any CPU = Release|Any CPU
	EndGlobalSection
	GlobalSection(ProjectConfigurationPlatforms) = postSolution
		{11030FEC-B120-4D72-A066-2313C455576C}.Debug|Any CPU.ActiveCfg = Debug|Any CPU
		{11030FEC-B120-4D72-A066-2313C455576C}.Debug|Any CPU.Build.0 = Debug|Any CPU
		{11030FEC-B120-4D72-A066-2313C455576C}.Release|Any CPU.ActiveCfg = Release|Any CPU
		{11030FEC-B120-4D72-A066-2313C455576C}.Release|Any CPU.Build.0 = Release|Any CPU
	EndGlobalSection
	GlobalSection(SolutionProperties) = preSolution
		HideSolutionNode = FALSE
	EndGlobalSection
	GlobalSection(ExtensibilityGlobals) = postSolution
		SolutionGuid = {7503B8EA-3473-4654-80E7-AF19CC89AFFF}
	EndGlobalSection
EndGlobal
